
Microsoft Visual Studio Solution File, Format Version 12.00
# Visual Studio 15
VisualStudioVersion = 15.0.28307.1169
MinimumVisualStudioVersion = 10.0.40219.1
Project("{FAE04EC0-301F-11D3-BF4B-00C04F79EFBC}") = "Msc.Agency.DigitalBL", "Bolero_1.0_API\Msc.Agency.DigitalBL.csproj", "{176D73F3-3CB5-424B-AD62-5C69D96807D9}"
EndProject
Global
	GlobalSection(SolutionConfigurationPlatforms) = preSolution
		Debug|Any CPU = Debug|Any CPU
		Release|Any CPU = Release|Any CPU
	EndGlobalSection
	GlobalSection(ProjectConfigurationPlatforms) = postSolution
		{176D73F3-3CB5-424B-AD62-5C69D96807D9}.Debug|Any CPU.ActiveCfg = Debug|Any CPU
		{176D73F3-3CB5-424B-AD62-5C69D96807D9}.Debug|Any CPU.Build.0 = Debug|Any CPU
		{176D73F3-3CB5-424B-AD62-5C69D96807D9}.Release|Any CPU.ActiveCfg = Release|Any CPU
		{176D73F3-3CB5-424B-AD62-5C69D96807D9}.Release|Any CPU.Build.0 = Release|Any CPU
	EndGlobalSection
	GlobalSection(SolutionProperties) = preSolution
		HideSolutionNode = FALSE
	EndGlobalSection
	GlobalSection(ExtensibilityGlobals) = postSolution
		SolutionGuid = {741389EE-20C8-4DEB-AAEF-4B91F74DA659}
	EndGlobalSection
EndGlobal
